Microsoft Visual Studio Solution File, Format Version 11.00
# Visual Studio 2008

Project("{37A51ECD-EDD2-FFD6-4BA3-405203F36B05}") = "testVR2", "Assembly-CSharp.csproj", "{812C7646-DC2A-7F6C-F59E-342B32674245}"
EndProject
Project("{37A51ECD-EDD2-FFD6-4BA3-405203F36B05}") = "testVR2", "Assembly-CSharp-Editor.csproj", "{21A80ADA-94F3-8167-D556-68A52103E63E}"
EndProject
Global
	GlobalSection(SolutionConfigurationPlatforms) = preSolution
		Debug|Any CPU = Debug|Any CPU
		Release|Any CPU = Release|Any CPU
	EndGlobalSection
	GlobalSection(ProjectConfigurationPlatforms) = postSolution
		{812C7646-DC2A-7F6C-F59E-342B32674245}.Debug|Any CPU.ActiveCfg = Debug|Any CPU
		{812C7646-DC2A-7F6C-F59E-342B32674245}.Debug|Any CPU.Build.0 = Debug|Any CPU
		{812C7646-DC2A-7F6C-F59E-342B32674245}.Release|Any CPU.ActiveCfg = Release|Any CPU
		{812C7646-DC2A-7F6C-F59E-342B32674245}.Release|Any CPU.Build.0 = Release|Any CPU
		{21A80ADA-94F3-8167-D556-68A52103E63E}.Debug|Any CPU.ActiveCfg = Debug|Any CPU
		{21A80ADA-94F3-8167-D556-68A52103E63E}.Debug|Any CPU.Build.0 = Debug|Any CPU
		{21A80ADA-94F3-8167-D556-68A52103E63E}.Release|Any CPU.ActiveCfg = Release|Any CPU
		{21A80ADA-94F3-8167-D556-68A52103E63E}.Release|Any CPU.Build.0 = Release|Any CPU
	EndGlobalSection
	GlobalSection(SolutionProperties) = preSolution
		HideSolutionNode = FALSE
	EndGlobalSection
	GlobalSection(MonoDevelopProperties) = preSolution
		StartupItem = Assembly-CSharp.csproj
	EndGlobalSection
EndGlobal
